
Microsoft Visual Studio Solution File, Format Version 12.00
# Visual Studio Version 16
VisualStudioVersion = 16.0.29411.108
MinimumVisualStudioVersion = 10.0.40219.1
Project("{9A19103F-16F7-4668-BE54-9A1E7A4F7556}") = "AspCoreAOP.Test", "AspCoreAOP.Test\AspCoreAOP.Test.csproj", "{9606DBE2-0491-4648-B685-914BF46D8C5F}"
EndProject
Project("{9A19103F-16F7-4668-BE54-9A1E7A4F7556}") = "AspCoreAOP.Core", "AspCoreAOP.Core\AspCoreAOP.Core.csproj", "{7C9BA38E-6567-4EF2-9814-BAA143BD3805}"
EndProject
Global
	GlobalSection(SolutionConfigurationPlatforms) = preSolution
		Debug|Any CPU = Debug|Any CPU
		Release|Any CPU = Release|Any CPU
	EndGlobalSection
	GlobalSection(ProjectConfigurationPlatforms) = postSolution
		{9606DBE2-0491-4648-B685-914BF46D8C5F}.Debug|Any CPU.ActiveCfg = Debug|Any CPU
		{9606DBE2-0491-4648-B685-914BF46D8C5F}.Debug|Any CPU.Build.0 = Debug|Any CPU
		{9606DBE2-0491-4648-B685-914BF46D8C5F}.Release|Any CPU.ActiveCfg = Release|Any CPU
		{9606DBE2-0491-4648-B685-914BF46D8C5F}.Release|Any CPU.Build.0 = Release|Any CPU
		{7C9BA38E-6567-4EF2-9814-BAA143BD3805}.Debug|Any CPU.ActiveCfg = Debug|Any CPU
		{7C9BA38E-6567-4EF2-9814-BAA143BD3805}.Debug|Any CPU.Build.0 = Debug|Any CPU
		{7C9BA38E-6567-4EF2-9814-BAA143BD3805}.Release|Any CPU.ActiveCfg = Release|Any CPU
		{7C9BA38E-6567-4EF2-9814-BAA143BD3805}.Release|Any CPU.Build.0 = Release|Any CPU
	EndGlobalSection
	GlobalSection(SolutionProperties) = preSolution
		HideSolutionNode = FALSE
	EndGlobalSection
	GlobalSection(ExtensibilityGlobals) = postSolution
		SolutionGuid = {CFC4CF64-26E6-4007-BAEC-16C54BD90707}
	EndGlobalSection
EndGlobal
